// !$*UTF8*$!
{
	archiveVersion = 1;
	classes = {
	};
	objectVersion = 46;
	objects = {

/* Begin PBXBuildFile section */
		226605D4152B6E1B00FFCFD0 /* test.assert.cpp in Sources */ = {isa = PBXBuildFile; fileRef = 226605D3152B6E1B00FFCFD0 /* test.assert.cpp */; };
		226605D8152B78DB00FFCFD0 /* test.terminate.cpp in Sources */ = {isa = PBXBuildFile; fileRef = 226605D7152B78DB00FFCFD0 /* test.terminate.cpp */; };
		226605FF152CB2EC00FFCFD0 /* ext_test.cpp in Sources */ = {isa = PBXBuildFile; fileRef = 226605FE152CB2EC00FFCFD0 /* ext_test.cpp */; };
		22922AD50F38D68200B1EFEA /* commonsyms.c in Sources */ = {isa = PBXBuildFile; fileRef = 22922AD40F38D68200B1EFEA /* commonsyms.c */; };
		22C3908E152F6DC900D3D340 /* test.log.cpp in Sources */ = {isa = PBXBuildFile; fileRef = 22C3908D152F6DC900D3D340 /* test.log.cpp */; };
		22D3978A1056BD1C004D8017 /* oscar.c in Sources */ = {isa = PBXBuildFile; fileRef = 22D397821056BD1C004D8017 /* oscar.c */; };
		22D3978B1056BD1C004D8017 /* oscar.h in Headers */ = {isa = PBXBuildFile; fileRef = 22D397831056BD1C004D8017 /* oscar.h */; };
		22D3978C1056BD1C004D8017 /* test.db.cpp in Sources */ = {isa = PBXBuildFile; fileRef = 22D397841056BD1C004D8017 /* test.db.cpp */; };
		22D3978D1056BD1C004D8017 /* test.master.c in Sources */ = {isa = PBXBuildFile; fileRef = 22D397851056BD1C004D8017 /* test.master.c */; };
		22D3978E1056BD1C004D8017 /* test.port.cpp in Sources */ = {isa = PBXBuildFile; fileRef = 22D397861056BD1C004D8017 /* test.port.cpp */; };
		22D397901056BD1C004D8017 /* test.runner.c in Sources */ = {isa = PBXBuildFile; fileRef = 22D397881056BD1C004D8017 /* test.runner.c */; };
		22D397911056BD1C004D8017 /* test.unit.c in Sources */ = {isa = PBXBuildFile; fileRef = 22D397891056BD1C004D8017 /* test.unit.c */; };
		22D4AB031535D74400B73671 /* test.sample~.cpp in Sources */ = {isa = PBXBuildFile; fileRef = 22D4AB021535D74300B73671 /* test.sample~.cpp */; };
		22ED8FE516837435006E09B4 /* test.equals.cpp in Sources */ = {isa = PBXBuildFile; fileRef = 22ED8FE416837435006E09B4 /* test.equals.cpp */; };
/* End PBXBuildFile section */

/* Begin PBXFileReference section */
		220A664819C0AF4800CB11D2 /* Info.plist */ = {isa = PBXFileReference; lastKnownFileType = text.plist.xml; path = Info.plist; sourceTree = "<group>"; };
		223DF8F31357806100A8BCE8 /* max-extensions-debug.xcconfig */ = {isa = PBXFileReference; lastKnownFileType = text.xcconfig; name = "max-extensions-debug.xcconfig"; path = "../max-extensions-debug.xcconfig"; sourceTree = "<group>"; };
		223DF8F41357806100A8BCE8 /* max-extensions-release.xcconfig */ = {isa = PBXFileReference; lastKnownFileType = text.xcconfig; name = "max-extensions-release.xcconfig"; path = "../max-extensions-release.xcconfig"; sourceTree = "<group>"; };
		226605D3152B6E1B00FFCFD0 /* test.assert.cpp */ = {isa = PBXFileReference; fileEncoding = 4; lastKnownFileType = sourcecode.cpp.cpp; path = test.assert.cpp; sourceTree = "<group>"; };
		226605D7152B78DB00FFCFD0 /* test.terminate.cpp */ = {isa = PBXFileReference; fileEncoding = 4; lastKnownFileType = sourcecode.cpp.cpp; path = test.terminate.cpp; sourceTree = "<group>"; };
		226605FE152CB2EC00FFCFD0 /* ext_test.cpp */ = {isa = PBXFileReference; fileEncoding = 4; lastKnownFileType = sourcecode.cpp.cpp; path = ext_test.cpp; sourceTree = "<group>"; };
		22922AD40F38D68200B1EFEA /* commonsyms.c */ = {isa = PBXFileReference; fileEncoding = 4; lastKnownFileType = sourcecode.c.c; name = commonsyms.c; path = "../maxsdk/source/c74support/max-includes/common/commonsyms.c"; sourceTree = SOURCE_ROOT; };
		22BF33FE107E07A300626BA1 /* ext_test.h */ = {isa = PBXFileReference; fileEncoding = 4; lastKnownFileType = sourcecode.c.h; path = ext_test.h; sourceTree = SOURCE_ROOT; };
		22C3908D152F6DC900D3D340 /* test.log.cpp */ = {isa = PBXFileReference; fileEncoding = 4; lastKnownFileType = sourcecode.cpp.cpp; path = test.log.cpp; sourceTree = "<group>"; };
		22D397821056BD1C004D8017 /* oscar.c */ = {isa = PBXFileReference; fileEncoding = 4; lastKnownFileType = sourcecode.c.c; path = oscar.c; sourceTree = "<group>"; };
		22D397831056BD1C004D8017 /* oscar.h */ = {isa = PBXFileReference; fileEncoding = 4; lastKnownFileType = sourcecode.c.h; path = oscar.h; sourceTree = "<group>"; };
		22D397841056BD1C004D8017 /* test.db.cpp */ = {isa = PBXFileReference; fileEncoding = 4; lastKnownFileType = sourcecode.cpp.cpp; path = test.db.cpp; sourceTree = "<group>"; };
		22D397851056BD1C004D8017 /* test.master.c */ = {isa = PBXFileReference; fileEncoding = 4; lastKnownFileType = sourcecode.c.c; path = test.master.c; sourceTree = "<group>"; };
		22D397861056BD1C004D8017 /* test.port.cpp */ = {isa = PBXFileReference; fileEncoding = 4; lastKnownFileType = sourcecode.cpp.cpp; path = test.port.cpp; sourceTree = "<group>"; };
		22D397881056BD1C004D8017 /* test.runner.c */ = {isa = PBXFileReference; fileEncoding = 4; lastKnownFileType = sourcecode.c.c; path = test.runner.c; sourceTree = "<group>"; };
		22D397891056BD1C004D8017 /* test.unit.c */ = {isa = PBXFileReference; fileEncoding = 4; lastKnownFileType = sourcecode.c.c; path = test.unit.c; sourceTree = "<group>"; };
		22D4AB021535D74300B73671 /* test.sample~.cpp */ = {isa = PBXFileReference; fileEncoding = 4; lastKnownFileType = sourcecode.cpp.cpp; path = "test.sample~.cpp"; sourceTree = "<group>"; };
		22ED8FE416837435006E09B4 /* test.equals.cpp */ = {isa = PBXFileReference; fileEncoding = 4; lastKnownFileType = sourcecode.cpp.cpp; path = test.equals.cpp; sourceTree = "<group>"; };
		2FBBEAE508F335360078DB84 /* oscar.mxo */ = {isa = PBXFileReference; explicitFileType = wrapper.cfbundle; includeInIndex = 0; path = oscar.mxo; sourceTree = BUILT_PRODUCTS_DIR; };
/* End PBXFileReference section */

/* Begin PBXFrameworksBuildPhase section */
		2FBBEADC08F335360078DB84 /* Frameworks */ = {
			isa = PBXFrameworksBuildPhase;
			buildActionMask = 2147483647;
			files = (
			);
			runOnlyForDeploymentPostprocessing = 0;
		};
/* End PBXFrameworksBuildPhase section */

/* Begin PBXGroup section */
		089C166AFE841209C02AAC07 /* iterator */ = {
			isa = PBXGroup;
			children = (
				223DF8F31357806100A8BCE8 /* max-extensions-debug.xcconfig */,
				223DF8F41357806100A8BCE8 /* max-extensions-release.xcconfig */,
				220A664819C0AF4800CB11D2 /* Info.plist */,
				22BF33FE107E07A300626BA1 /* ext_test.h */,
				226605FE152CB2EC00FFCFD0 /* ext_test.cpp */,
				22D397831056BD1C004D8017 /* oscar.h */,
				08FB77ADFE841716C02AAC07 /* Source */,
				226605D6152B78B800FFCFD0 /* Integration Testing */,
				226605D9152B78E400FFCFD0 /* Infrastructure */,
				19C28FB4FE9D528D11CA2CBB /* Products */,
			);
			name = iterator;
			sourceTree = "<group>";
		};
		08FB77ADFE841716C02AAC07 /* Source */ = {
			isa = PBXGroup;
			children = (
				22D397821056BD1C004D8017 /* oscar.c */,
				22D397851056BD1C004D8017 /* test.master.c */,
				22D397881056BD1C004D8017 /* test.runner.c */,
				22D397891056BD1C004D8017 /* test.unit.c */,
			);
			name = Source;
			sourceTree = "<group>";
		};
		19C28FB4FE9D528D11CA2CBB /* Products */ = {
			isa = PBXGroup;
			children = (
				2FBBEAE508F335360078DB84 /* oscar.mxo */,
			);
			name = Products;
			sourceTree = "<group>";
		};
		226605D6152B78B800FFCFD0 /* Integration Testing */ = {
			isa = PBXGroup;
			children = (
				226605D3152B6E1B00FFCFD0 /* test.assert.cpp */,
				22ED8FE416837435006E09B4 /* test.equals.cpp */,
				22C3908D152F6DC900D3D340 /* test.log.cpp */,
				226605D7152B78DB00FFCFD0 /* test.terminate.cpp */,
				22D4AB021535D74300B73671 /* test.sample~.cpp */,
			);
			name = "Integration Testing";
			sourceTree = "<group>";
		};
		226605D9152B78E400FFCFD0 /* Infrastructure */ = {
			isa = PBXGroup;
			children = (
				22D397841056BD1C004D8017 /* test.db.cpp */,
				22D397861056BD1C004D8017 /* test.port.cpp */,
				22922AD40F38D68200B1EFEA /* commonsyms.c */,
			);
			name = Infrastructure;
			sourceTree = "<group>";
		};
/* End PBXGroup section */

/* Begin PBXHeadersBuildPhase section */
		2FBBEAD708F335360078DB84 /* Headers */ = {
			isa = PBXHeadersBuildPhase;
			buildActionMask = 2147483647;
			files = (
				22D3978B1056BD1C004D8017 /* oscar.h in Headers */,
			);
			runOnlyForDeploymentPostprocessing = 0;
		};
/* End PBXHeadersBuildPhase section */

/* Begin PBXNativeTarget section */
		2FBBEAD608F335360078DB84 /* max-extension */ = {
			isa = PBXNativeTarget;
			buildConfigurationList = 2FBBEAE008F335360078DB84 /* Build configuration list for PBXNativeTarget "max-extension" */;
			buildPhases = (
				2FBBEAD708F335360078DB84 /* Headers */,
				2FBBEAD808F335360078DB84 /* Resources */,
				2FBBEADA08F335360078DB84 /* Sources */,
				2FBBEADC08F335360078DB84 /* Frameworks */,
				2FBBEADF08F335360078DB84 /* Rez */,
			);
			buildRules = (
			);
			dependencies = (
			);
			name = "max-extension";
			productName = iterator;
			productReference = 2FBBEAE508F335360078DB84 /* oscar.mxo */;
			productType = "com.apple.product-type.bundle";
		};
/* End PBXNativeTarget section */

/* Begin PBXProject section */
		089C1669FE841209C02AAC07 /* Project object */ = {
			isa = PBXProject;
			attributes = {
				LastUpgradeCheck = 0630;
			};
			buildConfigurationList = 2FBBEACF08F335010078DB84 /* Build configuration list for PBXProject "oscar" */;
			compatibilityVersion = "Xcode 3.2";
			developmentRegion = English;
			hasScannedForEncodings = 1;
			knownRegions = (
				English,
				Japanese,
				French,
				German,
			);
			mainGroup = 089C166AFE841209C02AAC07 /* iterator */;
			projectDirPath = "";
			projectRoot = "";
			targets = (
				2FBBEAD608F335360078DB84 /* max-extension */,
			);
		};
/* End PBXProject section */

/* Begin PBXResourcesBuildPhase section */
		2FBBEAD808F335360078DB84 /* Resources */ = {
			isa = PBXResourcesBuildPhase;
			buildActionMask = 2147483647;
			files = (
			);
			runOnlyForDeploymentPostprocessing = 0;
		};
/* End PBXResourcesBuildPhase section */

/* Begin PBXRezBuildPhase section */
		2FBBEADF08F335360078DB84 /* Rez */ = {
			isa = PBXRezBuildPhase;
			buildActionMask = 2147483647;
			files = (
			);
			runOnlyForDeploymentPostprocessing = 0;
		};
/* End PBXRezBuildPhase section */

/* Begin PBXSourcesBuildPhase section */
		2FBBEADA08F335360078DB84 /* Sources */ = {
			isa = PBXSourcesBuildPhase;
			buildActionMask = 2147483647;
			files = (
				22922AD50F38D68200B1EFEA /* commonsyms.c in Sources */,
				22D3978A1056BD1C004D8017 /* oscar.c in Sources */,
				22D3978C1056BD1C004D8017 /* test.db.cpp in Sources */,
				22D3978D1056BD1C004D8017 /* test.master.c in Sources */,
				22D3978E1056BD1C004D8017 /* test.port.cpp in Sources */,
				22D397901056BD1C004D8017 /* test.runner.c in Sources */,
				22D397911056BD1C004D8017 /* test.unit.c in Sources */,
				226605D4152B6E1B00FFCFD0 /* test.assert.cpp in Sources */,
				226605D8152B78DB00FFCFD0 /* test.terminate.cpp in Sources */,
				226605FF152CB2EC00FFCFD0 /* ext_test.cpp in Sources */,
				22C3908E152F6DC900D3D340 /* test.log.cpp in Sources */,
				22D4AB031535D74400B73671 /* test.sample~.cpp in Sources */,
				22ED8FE516837435006E09B4 /* test.equals.cpp in Sources */,
			);
			runOnlyForDeploymentPostprocessing = 0;
		};
/* End PBXSourcesBuildPhase section */

/* Begin XCBuildConfiguration section */
		2FBBEAD008F335010078DB84 /* Development */ = {
			isa = XCBuildConfiguration;
			baseConfigurationReference = 223DF8F31357806100A8BCE8 /* max-extensions-debug.xcconfig */;
			buildSettings = {
				CLANG_WARN_BOOL_CONVERSION = YES;
				CLANG_WARN_CONSTANT_CONVERSION = YES;
				CLANG_WARN_EMPTY_BODY = YES;
				CLANG_WARN_ENUM_CONVERSION = YES;
				CLANG_WARN_INT_CONVERSION = YES;
				CLANG_WARN_UNREACHABLE_CODE = YES;
				CLANG_WARN__DUPLICATE_METHOD_MATCH = YES;
				ENABLE_STRICT_OBJC_MSGSEND = YES;
				GCC_NO_COMMON_BLOCKS = YES;
				GCC_WARN_64_TO_32_BIT_CONVERSION = YES;
				GCC_WARN_ABOUT_RETURN_TYPE = YES;
				GCC_WARN_UNDECLARED_SELECTOR = YES;
				GCC_WARN_UNINITIALIZED_AUTOS = YES;
				GCC_WARN_UNUSED_FUNCTION = YES;
				GCC_WARN_UNUSED_VARIABLE = YES;
			};
			name = Development;
		};
		2FBBEAD108F335010078DB84 /* Deployment */ = {
			isa = XCBuildConfiguration;
			baseConfigurationReference = 223DF8F41357806100A8BCE8 /* max-extensions-release.xcconfig */;
			buildSettings = {
				CLANG_WARN_BOOL_CONVERSION = YES;
				CLANG_WARN_CONSTANT_CONVERSION = YES;
				CLANG_WARN_EMPTY_BODY = YES;
				CLANG_WARN_ENUM_CONVERSION = YES;
				CLANG_WARN_INT_CONVERSION = YES;
				CLANG_WARN_UNREACHABLE_CODE = YES;
				CLANG_WARN__DUPLICATE_METHOD_MATCH = YES;
				ENABLE_STRICT_OBJC_MSGSEND = YES;
				GCC_NO_COMMON_BLOCKS = YES;
				GCC_WARN_64_TO_32_BIT_CONVERSION = YES;
				GCC_WARN_ABOUT_RETURN_TYPE = YES;
				GCC_WARN_UNDECLARED_SELECTOR = YES;
				GCC_WARN_UNINITIALIZED_AUTOS = YES;
				GCC_WARN_UNUSED_FUNCTION = YES;
				GCC_WARN_UNUSED_VARIABLE = YES;
			};
			name = Deployment;
		};
		2FBBEAE108F335360078DB84 /* Development */ = {
			isa = XCBuildConfiguration;
			baseConfigurationReference = 223DF8F31357806100A8BCE8 /* max-extensions-debug.xcconfig */;
			buildSettings = {
				COMBINE_HIDPI_IMAGES = YES;
				COPY_PHASE_STRIP = NO;
				GCC_VERSION = "";
				INFOPLIST_FILE = ../Info.plist;
			};
			name = Development;
		};
		2FBBEAE208F335360078DB84 /* Deployment */ = {
			isa = XCBuildConfiguration;
			baseConfigurationReference = 223DF8F41357806100A8BCE8 /* max-extensions-release.xcconfig */;
			buildSettings = {
				COMBINE_HIDPI_IMAGES = YES;
				COPY_PHASE_STRIP = YES;
				GCC_VERSION = "";
				INFOPLIST_FILE = ../Info.plist;
			};
			name = Deployment;
		};
/* End XCBuildConfiguration section */

/* Begin XCConfigurationList section */
		2FBBEACF08F335010078DB84 /* Build configuration list for PBXProject "oscar" */ = {
			isa = XCConfigurationList;
			buildConfigurations = (
				2FBBEAD008F335010078DB84 /* Development */,
				2FBBEAD108F335010078DB84 /* Deployment */,
			);
			defaultConfigurationIsVisible = 0;
			defaultConfigurationName = Development;
		};
		2FBBEAE008F335360078DB84 /* Build configuration list for PBXNativeTarget "max-extension" */ = {
			isa = XCConfigurationList;
			buildConfigurations = (
				2FBBEAE108F335360078DB84 /* Development */,
				2FBBEAE208F335360078DB84 /* Deployment */,
			);
			defaultConfigurationIsVisible = 0;
			defaultConfigurationName = Development;
		};
/* End XCConfigurationList section */
	};
	rootObject = 089C1669FE841209C02AAC07 /* Project object */;
}
